
Microsoft Visual Studio Solution File, Format Version 12.00
Project("{FAE04EC0-301F-11D3-BF4B-00C04F79EFBC}") = "LogRun", "LogRun\LogRun.csproj", "{823A043A-51B4-4732-BF71-F4B8570B876E}"
EndProject
Project("{FAE04EC0-301F-11D3-BF4B-00C04F79EFBC}") = "Exercise", "Exercise\Exercise.csproj", "{BCE784FF-F01F-4C67-9B72-1C9F911FB520}"
EndProject
Project("{FAE04EC0-301F-11D3-BF4B-00C04F79EFBC}") = "Dialog", "Dialog\Dialog.csproj", "{3DBBBA14-F467-43BC-8CE7-793A51DCACD2}"
EndProject
Global
	GlobalSection(SolutionConfigurationPlatforms) = preSolution
		Debug|Any CPU = Debug|Any CPU
		Release|Any CPU = Release|Any CPU
	EndGlobalSection
	GlobalSection(ProjectConfigurationPlatforms) = postSolution
		{823A043A-51B4-4732-BF71-F4B8570B876E}.Debug|Any CPU.ActiveCfg = Debug|Any CPU
		{823A043A-51B4-4732-BF71-F4B8570B876E}.Debug|Any CPU.Build.0 = Debug|Any CPU
		{823A043A-51B4-4732-BF71-F4B8570B876E}.Release|Any CPU.ActiveCfg = Release|Any CPU
		{823A043A-51B4-4732-BF71-F4B8570B876E}.Release|Any CPU.Build.0 = Release|Any CPU
		{BCE784FF-F01F-4C67-9B72-1C9F911FB520}.Debug|Any CPU.ActiveCfg = Debug|Any CPU
		{BCE784FF-F01F-4C67-9B72-1C9F911FB520}.Debug|Any CPU.Build.0 = Debug|Any CPU
		{BCE784FF-F01F-4C67-9B72-1C9F911FB520}.Release|Any CPU.ActiveCfg = Release|Any CPU
		{BCE784FF-F01F-4C67-9B72-1C9F911FB520}.Release|Any CPU.Build.0 = Release|Any CPU
		{3DBBBA14-F467-43BC-8CE7-793A51DCACD2}.Debug|Any CPU.ActiveCfg = Debug|Any CPU
		{3DBBBA14-F467-43BC-8CE7-793A51DCACD2}.Debug|Any CPU.Build.0 = Debug|Any CPU
		{3DBBBA14-F467-43BC-8CE7-793A51DCACD2}.Release|Any CPU.ActiveCfg = Release|Any CPU
		{3DBBBA14-F467-43BC-8CE7-793A51DCACD2}.Release|Any CPU.Build.0 = Release|Any CPU
	EndGlobalSection
EndGlobal
